
Microsoft Visual Studio Solution File, Format Version 12.00
# Visual Studio Version 16
VisualStudioVersion = 16.0.30406.217
MinimumVisualStudioVersion = 10.0.40219.1
Project("{FAE04EC0-301F-11D3-BF4B-00C04F79EFBC}") = "TP PGE 3", "TP PGE 3\TP PGE 3.csproj", "{624E2D70-97B2-4F3F-9162-6650DF1D3B5A}"
EndProject
Global
	GlobalSection(SolutionConfigurationPlatforms) = preSolution
		Debug|Any CPU = Debug|Any CPU
		Release|Any CPU = Release|Any CPU
	EndGlobalSection
	GlobalSection(ProjectConfigurationPlatforms) = postSolution
		{624E2D70-97B2-4F3F-9162-6650DF1D3B5A}.Debug|Any CPU.ActiveCfg = Debug|Any CPU
		{624E2D70-97B2-4F3F-9162-6650DF1D3B5A}.Debug|Any CPU.Build.0 = Debug|Any CPU
		{624E2D70-97B2-4F3F-9162-6650DF1D3B5A}.Release|Any CPU.ActiveCfg = Release|Any CPU
		{624E2D70-97B2-4F3F-9162-6650DF1D3B5A}.Release|Any CPU.Build.0 = Release|Any CPU
	EndGlobalSection
	GlobalSection(SolutionProperties) = preSolution
		HideSolutionNode = FALSE
	EndGlobalSection
	GlobalSection(ExtensibilityGlobals) = postSolution
		SolutionGuid = {B4011A6D-C74E-4F1E-94A4-E509D6C487B1}
	EndGlobalSection
EndGlobal
