
Microsoft Visual Studio Solution File, Format Version 12.00
# Visual Studio Version 16
VisualStudioVersion = 16.0.30406.217
MinimumVisualStudioVersion = 10.0.40219.1
Project("{FAE04EC0-301F-11D3-BF4B-00C04F79EFBC}") = "TP 6 PGE - Juego", "TP 6 PGE - Juego\TP 6 PGE - Juego.csproj", "{96525F53-29D9-4B79-BD81-C507033F48EF}"
EndProject
Global
	GlobalSection(SolutionConfigurationPlatforms) = preSolution
		Debug|Any CPU = Debug|Any CPU
		Release|Any CPU = Release|Any CPU
	EndGlobalSection
	GlobalSection(ProjectConfigurationPlatforms) = postSolution
		{96525F53-29D9-4B79-BD81-C507033F48EF}.Debug|Any CPU.ActiveCfg = Debug|Any CPU
		{96525F53-29D9-4B79-BD81-C507033F48EF}.Debug|Any CPU.Build.0 = Debug|Any CPU
		{96525F53-29D9-4B79-BD81-C507033F48EF}.Release|Any CPU.ActiveCfg = Release|Any CPU
		{96525F53-29D9-4B79-BD81-C507033F48EF}.Release|Any CPU.Build.0 = Release|Any CPU
	EndGlobalSection
	GlobalSection(SolutionProperties) = preSolution
		HideSolutionNode = FALSE
	EndGlobalSection
	GlobalSection(ExtensibilityGlobals) = postSolution
		SolutionGuid = {E94CF1DE-AB4C-4D7A-813F-4896552E6D93}
	EndGlobalSection
EndGlobal
