
Microsoft Visual Studio Solution File, Format Version 12.00
# Visual Studio Version 16
VisualStudioVersion = 16.0.30406.217
MinimumVisualStudioVersion = 10.0.40219.1
Project("{FAE04EC0-301F-11D3-BF4B-00C04F79EFBC}") = "TP 1 PGE", "TP 1 PGE\TP 1 PGE.csproj", "{34541BEC-5B5B-4DEA-AF50-2CC3A44DAFD6}"
EndProject
Global
	GlobalSection(SolutionConfigurationPlatforms) = preSolution
		Debug|Any CPU = Debug|Any CPU
		Release|Any CPU = Release|Any CPU
	EndGlobalSection
	GlobalSection(ProjectConfigurationPlatforms) = postSolution
		{34541BEC-5B5B-4DEA-AF50-2CC3A44DAFD6}.Debug|Any CPU.ActiveCfg = Debug|Any CPU
		{34541BEC-5B5B-4DEA-AF50-2CC3A44DAFD6}.Debug|Any CPU.Build.0 = Debug|Any CPU
		{34541BEC-5B5B-4DEA-AF50-2CC3A44DAFD6}.Release|Any CPU.ActiveCfg = Release|Any CPU
		{34541BEC-5B5B-4DEA-AF50-2CC3A44DAFD6}.Release|Any CPU.Build.0 = Release|Any CPU
	EndGlobalSection
	GlobalSection(SolutionProperties) = preSolution
		HideSolutionNode = FALSE
	EndGlobalSection
	GlobalSection(ExtensibilityGlobals) = postSolution
		SolutionGuid = {9E0CEFA5-59AE-4AA6-99F9-765A74796B2C}
	EndGlobalSection
EndGlobal
